
Microsoft Visual Studio Solution File, Format Version 12.00
# Visual Studio Version 16
VisualStudioVersion = 16.0.32413.511
MinimumVisualStudioVersion = 10.0.40219.1
Project("{FAE04EC0-301F-11D3-BF4B-00C04F79EFBC}") = "Guia avanzada", "Guia avanzada\Guia avanzada.csproj", "{95629BBC-54E4-4951-9396-2FD70E243794}"
EndProject
Global
	GlobalSection(SolutionConfigurationPlatforms) = preSolution
		Debug|Any CPU = Debug|Any CPU
		Release|Any CPU = Release|Any CPU
	EndGlobalSection
	GlobalSection(ProjectConfigurationPlatforms) = postSolution
		{95629BBC-54E4-4951-9396-2FD70E243794}.Debug|Any CPU.ActiveCfg = Debug|Any CPU
		{95629BBC-54E4-4951-9396-2FD70E243794}.Debug|Any CPU.Build.0 = Debug|Any CPU
		{95629BBC-54E4-4951-9396-2FD70E243794}.Release|Any CPU.ActiveCfg = Release|Any CPU
		{95629BBC-54E4-4951-9396-2FD70E243794}.Release|Any CPU.Build.0 = Release|Any CPU
	EndGlobalSection
	GlobalSection(SolutionProperties) = preSolution
		HideSolutionNode = FALSE
	EndGlobalSection
	GlobalSection(ExtensibilityGlobals) = postSolution
		SolutionGuid = {8E8A385C-2277-4227-9205-1335F9DF9685}
	EndGlobalSection
EndGlobal
